<?xml version="1.0" encoding="UTF-8"?>
<Scheme
   version = "1.3">
   <BuildAction>
      <BuildActionEntries>
         <BuildActionEntry
            buildForRunning = "YES">
            <BuildableReference
               BuildableIdentifier = "primary"
               BlueprintIdentifier = "BC209AC2C3FF87E7BCB05F9F"
               BuildableName = "testSIngleApp.app"
               BlueprintName = "testSIngleApp"
               ReferencedContainer = "container:testSIngleApp.xcodeproj">
            </BuildableReference>
         </BuildActionEntry>
      </BuildActionEntries>
   </BuildAction>
   <LaunchAction
      useCustomWorkingDirectory = "NO"
      buildConfiguration = "Debug"
      allowLocationSimulation = "YES">
      <BuildableProductRunnable>
         <BuildableReference
            BuildableIdentifier = "primary"
            BlueprintIdentifier = "BC209AC2C3FF87E7BCB05F9F"
            BuildableName = "testSIngleApp.app"
            BlueprintName = "testSIngleApp"
            ReferencedContainer = "container:testSIngleApp.xcodeproj">
         </BuildableReference>
      </BuildableProductRunnable>
   </LaunchAction>
</Scheme>
